Microsoft Visual Studio Solution File, Format Version 11.00
# Visual Studio 2008

Project("{DAF9892C-6F33-DE7E-42A5-BD605352A777}") = "FrameDebugger", "Assembly-CSharp.csproj", "{3062BE98-1062-304D-68EE-B91F51227FF6}"
EndProject
Global
	GlobalSection(SolutionConfigurationPlatforms) = preSolution
		Debug|Any CPU = Debug|Any CPU
		Release|Any CPU = Release|Any CPU
	EndGlobalSection
	GlobalSection(ProjectConfigurationPlatforms) = postSolution
		{3062BE98-1062-304D-68EE-B91F51227FF6}.Debug|Any CPU.ActiveCfg = Debug|Any CPU
		{3062BE98-1062-304D-68EE-B91F51227FF6}.Debug|Any CPU.Build.0 = Debug|Any CPU
		{3062BE98-1062-304D-68EE-B91F51227FF6}.Release|Any CPU.ActiveCfg = Release|Any CPU
		{3062BE98-1062-304D-68EE-B91F51227FF6}.Release|Any CPU.Build.0 = Release|Any CPU
	EndGlobalSection
	GlobalSection(SolutionProperties) = preSolution
		HideSolutionNode = FALSE
	EndGlobalSection
	GlobalSection(MonoDevelopProperties) = preSolution
		StartupItem = Assembly-CSharp.csproj
	EndGlobalSection
EndGlobal
